
Microsoft Visual Studio Solution File, Format Version 12.00
# Visual Studio Version 17
VisualStudioVersion = 17.3.32929.385
MinimumVisualStudioVersion = 10.0.40219.1
Project("{9A19103F-16F7-4668-BE54-9A1E7A4F7556}") = "ApiClient", "ApiClient\ApiClient.csproj", "{41D0A0CC-8C60-4E3F-9AAB-E31517C9321F}"
EndProject
Project("{9A19103F-16F7-4668-BE54-9A1E7A4F7556}") = "core", "core\core.csproj", "{057C46D6-5FDC-4C20-A365-E6C519FF4BB8}"
EndProject
Project("{9A19103F-16F7-4668-BE54-9A1E7A4F7556}") = "biro-to-woo-loop", "biro-to-woo\biro-to-woo-loop.csproj", "{F44653E8-F900-4625-9F13-243E02FDF895}"
EndProject
Project("{9A19103F-16F7-4668-BE54-9A1E7A4F7556}") = "allintegrations", "allintegrations\allintegrations.csproj", "{821C1449-3DB5-489B-8BCE-39CC4DFDCA14}"
EndProject
Project("{9A19103F-16F7-4668-BE54-9A1E7A4F7556}") = "logging", "logging\logging.csproj", "{FF7D538E-8F90-46EB-85F0-56EAE2E34802}"
EndProject
Project("{9A19103F-16F7-4668-BE54-9A1E7A4F7556}") = "wpplugingen", "wpplugingen\wpplugingen.csproj", "{E21582C8-F6C7-4B25-AB77-95BA8A32C95E}"
EndProject
Project("{9A19103F-16F7-4668-BE54-9A1E7A4F7556}") = "allintegrations-factories", "allintegrations-factories\allintegrations-factories.csproj", "{636236BA-6D51-4D05-8C95-CF45ECE999F5}"
EndProject
Project("{9A19103F-16F7-4668-BE54-9A1E7A4F7556}") = "validator", "validator\validator.csproj", "{30364B82-669F-41F5-AB48-89FF6F33D9E3}"
EndProject
Project("{9A19103F-16F7-4668-BE54-9A1E7A4F7556}") = "common-abstractions-std", "common-abstractions-std\common-abstractions-std.csproj", "{B6086326-A490-4B25-B44E-1A5965EE7F7B}"
EndProject
Project("{9A19103F-16F7-4668-BE54-9A1E7A4F7556}") = "common-abstractions-core", "common-abstractions-core\common-abstractions-core.csproj", "{0B1C83A0-C910-4163-B5A9-6583987575F9}"
EndProject
Project("{9A19103F-16F7-4668-BE54-9A1E7A4F7556}") = "common-birowoo", "common-birowoo\common-birowoo.csproj", "{24E85313-3CCC-4351-B70F-DFECCD246F48}"
EndProject
Project("{9A19103F-16F7-4668-BE54-9A1E7A4F7556}") = "birowoo-exceptions", "birowoo-exceptions\birowoo-exceptions.csproj", "{2F4132DC-0FBC-456F-BAD8-63139AD89C40}"
EndProject
Project("{9A19103F-16F7-4668-BE54-9A1E7A4F7556}") = "biro-to-woo-single", "biro-to-woo-single\biro-to-woo-single.csproj", "{042F9CB2-01AC-462B-BBA0-8A45D638DBE3}"
EndProject
Project("{9A19103F-16F7-4668-BE54-9A1E7A4F7556}") = "biro-to-woo-common", "biro-to-woo-common\biro-to-woo-common.csproj", "{E32DF0BF-6AD2-45F6-BED4-32BE26B20CA0}"
EndProject
Project("{9A19103F-16F7-4668-BE54-9A1E7A4F7556}") = "common-woo", "common-woo\common-woo.csproj", "{614C8761-93F2-4F8F-94D0-1D4EF332EC1C}"
EndProject
Project("{9A19103F-16F7-4668-BE54-9A1E7A4F7556}") = "webshop_client_woocommerce", "webshop_client_woocommerce\webshop_client_woocommerce.csproj", "{8E637861-6953-4C7C-A5E2-167196C54804}"
EndProject
Project("{9A19103F-16F7-4668-BE54-9A1E7A4F7556}") = "webshop_client_shopify", "webshop_client_shopify\webshop_client_shopify.csproj", "{0F39BC5A-607B-4033-9C78-392797E0E73D}"
EndProject
Project("{9A19103F-16F7-4668-BE54-9A1E7A4F7556}") = "woo-to-biro-single", "woo-to-biro-single\woo-to-biro-single.csproj", "{203C8710-D1F0-47F1-A774-5DF3537B3A8D}"
EndProject
Project("{9A19103F-16F7-4668-BE54-9A1E7A4F7556}") = "products_to_excel", "products_to_excel\products_to_excel.csproj", "{BF65097B-7364-4B8A-A4F5-83A04BDBF25C}"
EndProject
Project("{9A19103F-16F7-4668-BE54-9A1E7A4F7556}") = "biro-to-woo-playground", "biro-to-woo-playground\biro-to-woo-playground.csproj", "{8C7C09F4-BC8D-4C34-A798-7834279D236E}"
EndProject
Project("{9A19103F-16F7-4668-BE54-9A1E7A4F7556}") = "biro-to-woo-common-tests", "biro-to-woo-common-tests\biro-to-woo-common-tests.csproj", "{61E1F217-6AD5-454C-9939-7770033E51DC}"
EndProject
Project("{9A19103F-16F7-4668-BE54-9A1E7A4F7556}") = "order_mapping", "order_mapping\order_mapping.csproj", "{C2BF5ECC-70B7-4818-9E7F-66829023AA03}"
EndProject
Project("{9A19103F-16F7-4668-BE54-9A1E7A4F7556}") = "gui_common", "gui_common\gui_common.csproj", "{268C84BE-9E35-43FD-A418-24BDAD78309A}"
EndProject
Project("{9A19103F-16F7-4668-BE54-9A1E7A4F7556}") = "transfer_data", "transfer_data\transfer_data.csproj", "{39823BEC-0C8F-4E3A-9FD6-1FA5C839392F}"
EndProject
Project("{9A19103F-16F7-4668-BE54-9A1E7A4F7556}") = "gui_attributes", "gui_attributes\gui_attributes.csproj", "{9245D44D-AA34-4A1F-8AE4-851482649D6B}"
EndProject
Project("{2150E333-8FDC-42A3-9474-1A3956D46DE8}") = "biro-to-woo", "biro-to-woo", "{35715C16-3ADE-4293-A798-7C25A64D7DC6}"
EndProject
Project("{2150E333-8FDC-42A3-9474-1A3956D46DE8}") = "common-projs", "common-projs", "{3C0FFDCC-5DE4-4663-8F71-BAC3741B4978}"
EndProject
Project("{2150E333-8FDC-42A3-9474-1A3956D46DE8}") = "a-frontend-connection", "a-frontend-connection", "{D3A07642-E7E5-4E84-A1B8-B4E702DB2A4B}"
EndProject
Project("{2150E333-8FDC-42A3-9474-1A3956D46DE8}") = "webshop-clients", "webshop-clients", "{607D60B8-BDBD-446F-8E00-3CA7A3126535}"
EndProject
Project("{2150E333-8FDC-42A3-9474-1A3956D46DE8}") = "gui-json-mapping", "gui-json-mapping", "{DB1A7A01-AD14-4987-AF74-F8E796441FCD}"
EndProject
Project("{2150E333-8FDC-42A3-9474-1A3956D46DE8}") = "transfered-data", "transfered-data", "{1F430E22-75B2-4494-AE1B-198C834414EE}"
EndProject
Project("{2150E333-8FDC-42A3-9474-1A3956D46DE8}") = "z-misc", "z-misc", "{7382B177-0E7C-426F-883F-FE76D6386A57}"
EndProject
Project("{2150E333-8FDC-42A3-9474-1A3956D46DE8}") = "Aa-integration-objects", "Aa-integration-objects", "{9ECB9266-93CA-49B7-8FA5-15034D3C4E08}"
EndProject
Project("{2150E333-8FDC-42A3-9474-1A3956D46DE8}") = "a-backend-execution", "a-backend-execution", "{A3868DFA-951E-4DDD-B418-E60FD943C61F}"
EndProject
Project("{2150E333-8FDC-42A3-9474-1A3956D46DE8}") = "woo-to-biro", "woo-to-biro", "{C883F551-F19E-475E-BAA2-BD322D9BC7A4}"
EndProject
Project("{2150E333-8FDC-42A3-9474-1A3956D46DE8}") = "a-application-boundary", "a-application-boundary", "{DD9B876E-8260-4045-8B75-D417EFACC467}"
EndProject
Project("{9A19103F-16F7-4668-BE54-9A1E7A4F7556}") = "gui_inferable", "gui_inferable\gui_inferable.csproj", "{09FD8C4E-5E2F-4B82-94AB-9E5F744F555A}"
EndProject
Project("{9A19103F-16F7-4668-BE54-9A1E7A4F7556}") = "transfer_data_abstractions", "transfer_data_abstractions\transfer_data_abstractions.csproj", "{805D67DD-1F1B-4FBA-A936-C1C8050FFC51}"
EndProject
Project("{9A19103F-16F7-4668-BE54-9A1E7A4F7556}") = "transfer_data_structs", "transfer_data_structs\transfer_data_structs.csproj", "{5A9049A7-0082-490E-A550-AE0B15220C20}"
EndProject
Project("{9A19103F-16F7-4668-BE54-9A1E7A4F7556}") = "core_abstractions", "core_abstractions\core_abstractions.csproj", "{B99809EF-E291-45A7-BF70-18FA3DDD2465}"
EndProject
Project("{9A19103F-16F7-4668-BE54-9A1E7A4F7556}") = "webshop_struct", "webshop_struct\webshop_struct.csproj", "{87FF2F24-BB84-48A8-9256-EADEAA8E8F92}"
EndProject
Project("{9A19103F-16F7-4668-BE54-9A1E7A4F7556}") = "core_birokrat", "core_birokrat\core_birokrat.csproj", "{5063E2CD-FA52-4ACB-9E57-B6FE7A8A147A}"
EndProject
Project("{9A19103F-16F7-4668-BE54-9A1E7A4F7556}") = "core_birokrat_abstractions", "core_birokrat_abstractions\core_birokrat_abstractions.csproj", "{3AF25CCC-3DC9-421F-9D5B-CFA1227847DA}"
EndProject
Project("{9A19103F-16F7-4668-BE54-9A1E7A4F7556}") = "webshop_client_abstractions", "webshop_client_abstractions\webshop_client_abstractions.csproj", "{1E0F8F35-B625-4EA9-90C0-A6BC04B56CC3}"
EndProject
Project("{9A19103F-16F7-4668-BE54-9A1E7A4F7556}") = "playground", "playground\playground.csproj", "{A1201C58-3986-4087-B6C1-5DC3B3181190}"
EndProject
Project("{9A19103F-16F7-4668-BE54-9A1E7A4F7556}") = "playground_forms", "playground_forms\playground_forms.csproj", "{628C34AB-1603-4239-9653-BA32ACF9F854}"
EndProject
Project("{2150E333-8FDC-42A3-9474-1A3956D46DE8}") = "111-third-party", "111-third-party", "{28D0549D-6751-40B6-AEC1-58F8EA8C3A33}"
EndProject
Project("{FAE04EC0-301F-11D3-BF4B-00C04F79EFBC}") = "config_packer", "..\..\common\config_packer\config_packer.csproj", "{842FF4EB-7F53-4A75-90B4-8A81F340034C}"
EndProject
Project("{FAE04EC0-301F-11D3-BF4B-00C04F79EFBC}") = "biro_command_center_client", "..\..\operations\birokrat-command-center\biro_command_center_client\biro_command_center_client.csproj", "{08CDB25C-3C40-40C7-A0F7-79ED8AB55099}"
EndProject
Project("{FAE04EC0-301F-11D3-BF4B-00C04F79EFBC}") = "common_multithreading", "..\..\common\common-multithreading\common_multithreading.csproj", "{D2549657-FC88-4471-BD2A-47BD29365C43}"
EndProject
Project("{FAE04EC0-301F-11D3-BF4B-00C04F79EFBC}") = "common_python", "..\..\common\common_python\common_python.csproj", "{900F9636-FAAF-8F70-F077-F64A353759F9}"
EndProject
Project("{FAE04EC0-301F-11D3-BF4B-00C04F79EFBC}") = "common", "..\..\common\common\common.csproj", "{D5B6DFE6-5B33-4D62-374F-FD485E40C8C9}"
EndProject
Project("{FAE04EC0-301F-11D3-BF4B-00C04F79EFBC}") = "ApiClient.utils", "..\..\common\ApiClient.utils\ApiClient.utils.csproj", "{F61807A8-85AA-6D97-76CE-0BB310FB5CE0}"
EndProject
Project("{FAE04EC0-301F-11D3-BF4B-00C04F79EFBC}") = "tests-orders", "tests-orders\tests-orders.csproj", "{78B7A24A-99BC-1126-62B1-8BAB38B19D27}"
EndProject
Project("{FAE04EC0-301F-11D3-BF4B-00C04F79EFBC}") = "demonstration_project", "demonstration_project\demonstration_project.csproj", "{339DC48D-3CEF-427A-A2AA-05FC076534C5}"
EndProject
Project("{FAE04EC0-301F-11D3-BF4B-00C04F79EFBC}") = "tests_webshop", "tests_webshop\tests_webshop.csproj", "{2BDB4D80-A10A-B551-CFD8-E54F0C302B3B}"
EndProject
Project("{FAE04EC0-301F-11D3-BF4B-00C04F79EFBC}") = "tests-bironext-pinger", "tests-bironext-pinger\tests-bironext-pinger.csproj", "{A986F9CF-18DE-874F-42D6-C584E38F640E}"
EndProject
Global
	GlobalSection(SolutionConfigurationPlatforms) = preSolution
		Debug|Any CPU = Debug|Any CPU
		Release|Any CPU = Release|Any CPU
	EndGlobalSection
	GlobalSection(ProjectConfigurationPlatforms) = postSolution
		{41D0A0CC-8C60-4E3F-9AAB-E31517C9321F}.Debug|Any CPU.ActiveCfg = Debug|Any CPU
		{41D0A0CC-8C60-4E3F-9AAB-E31517C9321F}.Debug|Any CPU.Build.0 = Debug|Any CPU
		{41D0A0CC-8C60-4E3F-9AAB-E31517C9321F}.Release|Any CPU.ActiveCfg = Release|Any CPU
		{41D0A0CC-8C60-4E3F-9AAB-E31517C9321F}.Release|Any CPU.Build.0 = Release|Any CPU
		{057C46D6-5FDC-4C20-A365-E6C519FF4BB8}.Debug|Any CPU.ActiveCfg = Debug|Any CPU
		{057C46D6-5FDC-4C20-A365-E6C519FF4BB8}.Debug|Any CPU.Build.0 = Debug|Any CPU
		{057C46D6-5FDC-4C20-A365-E6C519FF4BB8}.Release|Any CPU.ActiveCfg = Release|Any CPU
		{057C46D6-5FDC-4C20-A365-E6C519FF4BB8}.Release|Any CPU.Build.0 = Release|Any CPU
		{F44653E8-F900-4625-9F13-243E02FDF895}.Debug|Any CPU.ActiveCfg = Debug|Any CPU
		{F44653E8-F900-4625-9F13-243E02FDF895}.Debug|Any CPU.Build.0 = Debug|Any CPU
		{F44653E8-F900-4625-9F13-243E02FDF895}.Release|Any CPU.ActiveCfg = Release|Any CPU
		{F44653E8-F900-4625-9F13-243E02FDF895}.Release|Any CPU.Build.0 = Release|Any CPU
		{821C1449-3DB5-489B-8BCE-39CC4DFDCA14}.Debug|Any CPU.ActiveCfg = Debug|Any CPU
		{821C1449-3DB5-489B-8BCE-39CC4DFDCA14}.Debug|Any CPU.Build.0 = Debug|Any CPU
		{821C1449-3DB5-489B-8BCE-39CC4DFDCA14}.Release|Any CPU.ActiveCfg = Release|Any CPU
		{821C1449-3DB5-489B-8BCE-39CC4DFDCA14}.Release|Any CPU.Build.0 = Release|Any CPU
		{FF7D538E-8F90-46EB-85F0-56EAE2E34802}.Debug|Any CPU.ActiveCfg = Debug|Any CPU
		{FF7D538E-8F90-46EB-85F0-56EAE2E34802}.Debug|Any CPU.Build.0 = Debug|Any CPU
		{FF7D538E-8F90-46EB-85F0-56EAE2E34802}.Release|Any CPU.ActiveCfg = Release|Any CPU
		{FF7D538E-8F90-46EB-85F0-56EAE2E34802}.Release|Any CPU.Build.0 = Release|Any CPU
		{E21582C8-F6C7-4B25-AB77-95BA8A32C95E}.Debug|Any CPU.ActiveCfg = Debug|Any CPU
		{E21582C8-F6C7-4B25-AB77-95BA8A32C95E}.Debug|Any CPU.Build.0 = Debug|Any CPU
		{E21582C8-F6C7-4B25-AB77-95BA8A32C95E}.Release|Any CPU.ActiveCfg = Release|Any CPU
		{E21582C8-F6C7-4B25-AB77-95BA8A32C95E}.Release|Any CPU.Build.0 = Release|Any CPU
		{636236BA-6D51-4D05-8C95-CF45ECE999F5}.Debug|Any CPU.ActiveCfg = Debug|Any CPU
		{636236BA-6D51-4D05-8C95-CF45ECE999F5}.Debug|Any CPU.Build.0 = Debug|Any CPU
		{636236BA-6D51-4D05-8C95-CF45ECE999F5}.Release|Any CPU.ActiveCfg = Release|Any CPU
		{636236BA-6D51-4D05-8C95-CF45ECE999F5}.Release|Any CPU.Build.0 = Release|Any CPU
		{30364B82-669F-41F5-AB48-89FF6F33D9E3}.Debug|Any CPU.ActiveCfg = Debug|Any CPU
		{30364B82-669F-41F5-AB48-89FF6F33D9E3}.Debug|Any CPU.Build.0 = Debug|Any CPU
		{30364B82-669F-41F5-AB48-89FF6F33D9E3}.Release|Any CPU.ActiveCfg = Release|Any CPU
		{30364B82-669F-41F5-AB48-89FF6F33D9E3}.Release|Any CPU.Build.0 = Release|Any CPU
		{B6086326-A490-4B25-B44E-1A5965EE7F7B}.Debug|Any CPU.ActiveCfg = Debug|Any CPU
		{B6086326-A490-4B25-B44E-1A5965EE7F7B}.Debug|Any CPU.Build.0 = Debug|Any CPU
		{B6086326-A490-4B25-B44E-1A5965EE7F7B}.Release|Any CPU.ActiveCfg = Release|Any CPU
		{B6086326-A490-4B25-B44E-1A5965EE7F7B}.Release|Any CPU.Build.0 = Release|Any CPU
		{0B1C83A0-C910-4163-B5A9-6583987575F9}.Debug|Any CPU.ActiveCfg = Debug|Any CPU
		{0B1C83A0-C910-4163-B5A9-6583987575F9}.Debug|Any CPU.Build.0 = Debug|Any CPU
		{0B1C83A0-C910-4163-B5A9-6583987575F9}.Release|Any CPU.ActiveCfg = Release|Any CPU
		{0B1C83A0-C910-4163-B5A9-6583987575F9}.Release|Any CPU.Build.0 = Release|Any CPU
		{24E85313-3CCC-4351-B70F-DFECCD246F48}.Debug|Any CPU.ActiveCfg = Debug|Any CPU
		{24E85313-3CCC-4351-B70F-DFECCD246F48}.Debug|Any CPU.Build.0 = Debug|Any CPU
		{24E85313-3CCC-4351-B70F-DFECCD246F48}.Release|Any CPU.ActiveCfg = Release|Any CPU
		{24E85313-3CCC-4351-B70F-DFECCD246F48}.Release|Any CPU.Build.0 = Release|Any CPU
		{2F4132DC-0FBC-456F-BAD8-63139AD89C40}.Debug|Any CPU.ActiveCfg = Debug|Any CPU
		{2F4132DC-0FBC-456F-BAD8-63139AD89C40}.Debug|Any CPU.Build.0 = Debug|Any CPU
		{2F4132DC-0FBC-456F-BAD8-63139AD89C40}.Release|Any CPU.ActiveCfg = Release|Any CPU
		{2F4132DC-0FBC-456F-BAD8-63139AD89C40}.Release|Any CPU.Build.0 = Release|Any CPU
		{042F9CB2-01AC-462B-BBA0-8A45D638DBE3}.Debug|Any CPU.ActiveCfg = Debug|Any CPU
		{042F9CB2-01AC-462B-BBA0-8A45D638DBE3}.Debug|Any CPU.Build.0 = Debug|Any CPU
		{042F9CB2-01AC-462B-BBA0-8A45D638DBE3}.Release|Any CPU.ActiveCfg = Release|Any CPU
		{042F9CB2-01AC-462B-BBA0-8A45D638DBE3}.Release|Any CPU.Build.0 = Release|Any CPU
		{E32DF0BF-6AD2-45F6-BED4-32BE26B20CA0}.Debug|Any CPU.ActiveCfg = Debug|Any CPU
		{E32DF0BF-6AD2-45F6-BED4-32BE26B20CA0}.Debug|Any CPU.Build.0 = Debug|Any CPU
		{E32DF0BF-6AD2-45F6-BED4-32BE26B20CA0}.Release|Any CPU.ActiveCfg = Release|Any CPU
		{E32DF0BF-6AD2-45F6-BED4-32BE26B20CA0}.Release|Any CPU.Build.0 = Release|Any CPU
		{614C8761-93F2-4F8F-94D0-1D4EF332EC1C}.Debug|Any CPU.ActiveCfg = Debug|Any CPU
		{614C8761-93F2-4F8F-94D0-1D4EF332EC1C}.Debug|Any CPU.Build.0 = Debug|Any CPU
		{614C8761-93F2-4F8F-94D0-1D4EF332EC1C}.Release|Any CPU.ActiveCfg = Release|Any CPU
		{614C8761-93F2-4F8F-94D0-1D4EF332EC1C}.Release|Any CPU.Build.0 = Release|Any CPU
		{8E637861-6953-4C7C-A5E2-167196C54804}.Debug|Any CPU.ActiveCfg = Debug|Any CPU
		{8E637861-6953-4C7C-A5E2-167196C54804}.Debug|Any CPU.Build.0 = Debug|Any CPU
		{8E637861-6953-4C7C-A5E2-167196C54804}.Release|Any CPU.ActiveCfg = Release|Any CPU
		{8E637861-6953-4C7C-A5E2-167196C54804}.Release|Any CPU.Build.0 = Release|Any CPU
		{0F39BC5A-607B-4033-9C78-392797E0E73D}.Debug|Any CPU.ActiveCfg = Debug|Any CPU
		{0F39BC5A-607B-4033-9C78-392797E0E73D}.Debug|Any CPU.Build.0 = Debug|Any CPU
		{0F39BC5A-607B-4033-9C78-392797E0E73D}.Release|Any CPU.ActiveCfg = Release|Any CPU
		{0F39BC5A-607B-4033-9C78-392797E0E73D}.Release|Any CPU.Build.0 = Release|Any CPU
		{203C8710-D1F0-47F1-A774-5DF3537B3A8D}.Debug|Any CPU.ActiveCfg = Debug|Any CPU
		{203C8710-D1F0-47F1-A774-5DF3537B3A8D}.Debug|Any CPU.Build.0 = Debug|Any CPU
		{203C8710-D1F0-47F1-A774-5DF3537B3A8D}.Release|Any CPU.ActiveCfg = Release|Any CPU
		{203C8710-D1F0-47F1-A774-5DF3537B3A8D}.Release|Any CPU.Build.0 = Release|Any CPU
		{BF65097B-7364-4B8A-A4F5-83A04BDBF25C}.Debug|Any CPU.ActiveCfg = Debug|Any CPU
		{BF65097B-7364-4B8A-A4F5-83A04BDBF25C}.Debug|Any CPU.Build.0 = Debug|Any CPU
		{BF65097B-7364-4B8A-A4F5-83A04BDBF25C}.Release|Any CPU.ActiveCfg = Release|Any CPU
		{BF65097B-7364-4B8A-A4F5-83A04BDBF25C}.Release|Any CPU.Build.0 = Release|Any CPU
		{8C7C09F4-BC8D-4C34-A798-7834279D236E}.Debug|Any CPU.ActiveCfg = Debug|Any CPU
		{8C7C09F4-BC8D-4C34-A798-7834279D236E}.Debug|Any CPU.Build.0 = Debug|Any CPU
		{8C7C09F4-BC8D-4C34-A798-7834279D236E}.Release|Any CPU.ActiveCfg = Release|Any CPU
		{8C7C09F4-BC8D-4C34-A798-7834279D236E}.Release|Any CPU.Build.0 = Release|Any CPU
		{61E1F217-6AD5-454C-9939-7770033E51DC}.Debug|Any CPU.ActiveCfg = Debug|Any CPU
		{61E1F217-6AD5-454C-9939-7770033E51DC}.Debug|Any CPU.Build.0 = Debug|Any CPU
		{61E1F217-6AD5-454C-9939-7770033E51DC}.Release|Any CPU.ActiveCfg = Release|Any CPU
		{61E1F217-6AD5-454C-9939-7770033E51DC}.Release|Any CPU.Build.0 = Release|Any CPU
		{C2BF5ECC-70B7-4818-9E7F-66829023AA03}.Debug|Any CPU.ActiveCfg = Debug|Any CPU
		{C2BF5ECC-70B7-4818-9E7F-66829023AA03}.Debug|Any CPU.Build.0 = Debug|Any CPU
		{C2BF5ECC-70B7-4818-9E7F-66829023AA03}.Release|Any CPU.ActiveCfg = Release|Any CPU
		{C2BF5ECC-70B7-4818-9E7F-66829023AA03}.Release|Any CPU.Build.0 = Release|Any CPU
		{268C84BE-9E35-43FD-A418-24BDAD78309A}.Debug|Any CPU.ActiveCfg = Debug|Any CPU
		{268C84BE-9E35-43FD-A418-24BDAD78309A}.Debug|Any CPU.Build.0 = Debug|Any CPU
		{268C84BE-9E35-43FD-A418-24BDAD78309A}.Release|Any CPU.ActiveCfg = Release|Any CPU
		{268C84BE-9E35-43FD-A418-24BDAD78309A}.Release|Any CPU.Build.0 = Release|Any CPU
		{39823BEC-0C8F-4E3A-9FD6-1FA5C839392F}.Debug|Any CPU.ActiveCfg = Debug|Any CPU
		{39823BEC-0C8F-4E3A-9FD6-1FA5C839392F}.Debug|Any CPU.Build.0 = Debug|Any CPU
		{39823BEC-0C8F-4E3A-9FD6-1FA5C839392F}.Release|Any CPU.ActiveCfg = Release|Any CPU
		{39823BEC-0C8F-4E3A-9FD6-1FA5C839392F}.Release|Any CPU.Build.0 = Release|Any CPU
		{9245D44D-AA34-4A1F-8AE4-851482649D6B}.Debug|Any CPU.ActiveCfg = Debug|Any CPU
		{9245D44D-AA34-4A1F-8AE4-851482649D6B}.Debug|Any CPU.Build.0 = Debug|Any CPU
		{9245D44D-AA34-4A1F-8AE4-851482649D6B}.Release|Any CPU.ActiveCfg = Release|Any CPU
		{9245D44D-AA34-4A1F-8AE4-851482649D6B}.Release|Any CPU.Build.0 = Release|Any CPU
		{09FD8C4E-5E2F-4B82-94AB-9E5F744F555A}.Debug|Any CPU.ActiveCfg = Debug|Any CPU
		{09FD8C4E-5E2F-4B82-94AB-9E5F744F555A}.Debug|Any CPU.Build.0 = Debug|Any CPU
		{09FD8C4E-5E2F-4B82-94AB-9E5F744F555A}.Release|Any CPU.ActiveCfg = Release|Any CPU
		{09FD8C4E-5E2F-4B82-94AB-9E5F744F555A}.Release|Any CPU.Build.0 = Release|Any CPU
		{805D67DD-1F1B-4FBA-A936-C1C8050FFC51}.Debug|Any CPU.ActiveCfg = Debug|Any CPU
		{805D67DD-1F1B-4FBA-A936-C1C8050FFC51}.Debug|Any CPU.Build.0 = Debug|Any CPU
		{805D67DD-1F1B-4FBA-A936-C1C8050FFC51}.Release|Any CPU.ActiveCfg = Release|Any CPU
		{805D67DD-1F1B-4FBA-A936-C1C8050FFC51}.Release|Any CPU.Build.0 = Release|Any CPU
		{5A9049A7-0082-490E-A550-AE0B15220C20}.Debug|Any CPU.ActiveCfg = Debug|Any CPU
		{5A9049A7-0082-490E-A550-AE0B15220C20}.Debug|Any CPU.Build.0 = Debug|Any CPU
		{5A9049A7-0082-490E-A550-AE0B15220C20}.Release|Any CPU.ActiveCfg = Release|Any CPU
		{5A9049A7-0082-490E-A550-AE0B15220C20}.Release|Any CPU.Build.0 = Release|Any CPU
		{B99809EF-E291-45A7-BF70-18FA3DDD2465}.Debug|Any CPU.ActiveCfg = Debug|Any CPU
		{B99809EF-E291-45A7-BF70-18FA3DDD2465}.Debug|Any CPU.Build.0 = Debug|Any CPU
		{B99809EF-E291-45A7-BF70-18FA3DDD2465}.Release|Any CPU.ActiveCfg = Release|Any CPU
		{B99809EF-E291-45A7-BF70-18FA3DDD2465}.Release|Any CPU.Build.0 = Release|Any CPU
		{87FF2F24-BB84-48A8-9256-EADEAA8E8F92}.Debug|Any CPU.ActiveCfg = Debug|Any CPU
		{87FF2F24-BB84-48A8-9256-EADEAA8E8F92}.Debug|Any CPU.Build.0 = Debug|Any CPU
		{87FF2F24-BB84-48A8-9256-EADEAA8E8F92}.Release|Any CPU.ActiveCfg = Release|Any CPU
		{87FF2F24-BB84-48A8-9256-EADEAA8E8F92}.Release|Any CPU.Build.0 = Release|Any CPU
		{5063E2CD-FA52-4ACB-9E57-B6FE7A8A147A}.Debug|Any CPU.ActiveCfg = Debug|Any CPU
		{5063E2CD-FA52-4ACB-9E57-B6FE7A8A147A}.Debug|Any CPU.Build.0 = Debug|Any CPU
		{5063E2CD-FA52-4ACB-9E57-B6FE7A8A147A}.Release|Any CPU.ActiveCfg = Release|Any CPU
		{5063E2CD-FA52-4ACB-9E57-B6FE7A8A147A}.Release|Any CPU.Build.0 = Release|Any CPU
		{3AF25CCC-3DC9-421F-9D5B-CFA1227847DA}.Debug|Any CPU.ActiveCfg = Debug|Any CPU
		{3AF25CCC-3DC9-421F-9D5B-CFA1227847DA}.Debug|Any CPU.Build.0 = Debug|Any CPU
		{3AF25CCC-3DC9-421F-9D5B-CFA1227847DA}.Release|Any CPU.ActiveCfg = Release|Any CPU
		{3AF25CCC-3DC9-421F-9D5B-CFA1227847DA}.Release|Any CPU.Build.0 = Release|Any CPU
		{1E0F8F35-B625-4EA9-90C0-A6BC04B56CC3}.Debug|Any CPU.ActiveCfg = Debug|Any CPU
		{1E0F8F35-B625-4EA9-90C0-A6BC04B56CC3}.Debug|Any CPU.Build.0 = Debug|Any CPU
		{1E0F8F35-B625-4EA9-90C0-A6BC04B56CC3}.Release|Any CPU.ActiveCfg = Release|Any CPU
		{1E0F8F35-B625-4EA9-90C0-A6BC04B56CC3}.Release|Any CPU.Build.0 = Release|Any CPU
		{A1201C58-3986-4087-B6C1-5DC3B3181190}.Debug|Any CPU.ActiveCfg = Debug|Any CPU
		{A1201C58-3986-4087-B6C1-5DC3B3181190}.Debug|Any CPU.Build.0 = Debug|Any CPU
		{A1201C58-3986-4087-B6C1-5DC3B3181190}.Release|Any CPU.ActiveCfg = Release|Any CPU
		{A1201C58-3986-4087-B6C1-5DC3B3181190}.Release|Any CPU.Build.0 = Release|Any CPU
		{628C34AB-1603-4239-9653-BA32ACF9F854}.Debug|Any CPU.ActiveCfg = Debug|Any CPU
		{628C34AB-1603-4239-9653-BA32ACF9F854}.Debug|Any CPU.Build.0 = Debug|Any CPU
		{628C34AB-1603-4239-9653-BA32ACF9F854}.Release|Any CPU.ActiveCfg = Release|Any CPU
		{628C34AB-1603-4239-9653-BA32ACF9F854}.Release|Any CPU.Build.0 = Release|Any CPU
		{842FF4EB-7F53-4A75-90B4-8A81F340034C}.Debug|Any CPU.ActiveCfg = Debug|Any CPU
		{842FF4EB-7F53-4A75-90B4-8A81F340034C}.Debug|Any CPU.Build.0 = Debug|Any CPU
		{842FF4EB-7F53-4A75-90B4-8A81F340034C}.Release|Any CPU.ActiveCfg = Release|Any CPU
		{842FF4EB-7F53-4A75-90B4-8A81F340034C}.Release|Any CPU.Build.0 = Release|Any CPU
		{08CDB25C-3C40-40C7-A0F7-79ED8AB55099}.Debug|Any CPU.ActiveCfg = Debug|Any CPU
		{08CDB25C-3C40-40C7-A0F7-79ED8AB55099}.Debug|Any CPU.Build.0 = Debug|Any CPU
		{08CDB25C-3C40-40C7-A0F7-79ED8AB55099}.Release|Any CPU.ActiveCfg = Release|Any CPU
		{08CDB25C-3C40-40C7-A0F7-79ED8AB55099}.Release|Any CPU.Build.0 = Release|Any CPU
		{D2549657-FC88-4471-BD2A-47BD29365C43}.Debug|Any CPU.ActiveCfg = Debug|Any CPU
		{D2549657-FC88-4471-BD2A-47BD29365C43}.Debug|Any CPU.Build.0 = Debug|Any CPU
		{D2549657-FC88-4471-BD2A-47BD29365C43}.Release|Any CPU.ActiveCfg = Release|Any CPU
		{D2549657-FC88-4471-BD2A-47BD29365C43}.Release|Any CPU.Build.0 = Release|Any CPU
		{900F9636-FAAF-8F70-F077-F64A353759F9}.Debug|Any CPU.ActiveCfg = Debug|Any CPU
		{900F9636-FAAF-8F70-F077-F64A353759F9}.Debug|Any CPU.Build.0 = Debug|Any CPU
		{900F9636-FAAF-8F70-F077-F64A353759F9}.Release|Any CPU.ActiveCfg = Release|Any CPU
		{900F9636-FAAF-8F70-F077-F64A353759F9}.Release|Any CPU.Build.0 = Release|Any CPU
		{D5B6DFE6-5B33-4D62-374F-FD485E40C8C9}.Debug|Any CPU.ActiveCfg = Debug|Any CPU
		{D5B6DFE6-5B33-4D62-374F-FD485E40C8C9}.Debug|Any CPU.Build.0 = Debug|Any CPU
		{D5B6DFE6-5B33-4D62-374F-FD485E40C8C9}.Release|Any CPU.ActiveCfg = Release|Any CPU
		{D5B6DFE6-5B33-4D62-374F-FD485E40C8C9}.Release|Any CPU.Build.0 = Release|Any CPU
		{F61807A8-85AA-6D97-76CE-0BB310FB5CE0}.Debug|Any CPU.ActiveCfg = Debug|Any CPU
		{F61807A8-85AA-6D97-76CE-0BB310FB5CE0}.Debug|Any CPU.Build.0 = Debug|Any CPU
		{F61807A8-85AA-6D97-76CE-0BB310FB5CE0}.Release|Any CPU.ActiveCfg = Release|Any CPU
		{F61807A8-85AA-6D97-76CE-0BB310FB5CE0}.Release|Any CPU.Build.0 = Release|Any CPU
		{78B7A24A-99BC-1126-62B1-8BAB38B19D27}.Debug|Any CPU.ActiveCfg = Debug|Any CPU
		{78B7A24A-99BC-1126-62B1-8BAB38B19D27}.Debug|Any CPU.Build.0 = Debug|Any CPU
		{78B7A24A-99BC-1126-62B1-8BAB38B19D27}.Release|Any CPU.ActiveCfg = Release|Any CPU
		{78B7A24A-99BC-1126-62B1-8BAB38B19D27}.Release|Any CPU.Build.0 = Release|Any CPU
		{339DC48D-3CEF-427A-A2AA-05FC076534C5}.Debug|Any CPU.ActiveCfg = Debug|Any CPU
		{339DC48D-3CEF-427A-A2AA-05FC076534C5}.Debug|Any CPU.Build.0 = Debug|Any CPU
		{339DC48D-3CEF-427A-A2AA-05FC076534C5}.Release|Any CPU.ActiveCfg = Release|Any CPU
		{339DC48D-3CEF-427A-A2AA-05FC076534C5}.Release|Any CPU.Build.0 = Release|Any CPU
		{2BDB4D80-A10A-B551-CFD8-E54F0C302B3B}.Debug|Any CPU.ActiveCfg = Debug|Any CPU
		{2BDB4D80-A10A-B551-CFD8-E54F0C302B3B}.Debug|Any CPU.Build.0 = Debug|Any CPU
		{2BDB4D80-A10A-B551-CFD8-E54F0C302B3B}.Release|Any CPU.ActiveCfg = Release|Any CPU
		{2BDB4D80-A10A-B551-CFD8-E54F0C302B3B}.Release|Any CPU.Build.0 = Release|Any CPU
		{A986F9CF-18DE-874F-42D6-C584E38F640E}.Debug|Any CPU.ActiveCfg = Debug|Any CPU
		{A986F9CF-18DE-874F-42D6-C584E38F640E}.Debug|Any CPU.Build.0 = Debug|Any CPU
		{A986F9CF-18DE-874F-42D6-C584E38F640E}.Release|Any CPU.ActiveCfg = Release|Any CPU
		{A986F9CF-18DE-874F-42D6-C584E38F640E}.Release|Any CPU.Build.0 = Release|Any CPU
	EndGlobalSection
	GlobalSection(SolutionProperties) = preSolution
		HideSolutionNode = FALSE
	EndGlobalSection
	GlobalSection(NestedProjects) = preSolution
		{41D0A0CC-8C60-4E3F-9AAB-E31517C9321F} = {DD9B876E-8260-4045-8B75-D417EFACC467}
		{057C46D6-5FDC-4C20-A365-E6C519FF4BB8} = {9ECB9266-93CA-49B7-8FA5-15034D3C4E08}
		{F44653E8-F900-4625-9F13-243E02FDF895} = {35715C16-3ADE-4293-A798-7C25A64D7DC6}
		{821C1449-3DB5-489B-8BCE-39CC4DFDCA14} = {9ECB9266-93CA-49B7-8FA5-15034D3C4E08}
		{FF7D538E-8F90-46EB-85F0-56EAE2E34802} = {7382B177-0E7C-426F-883F-FE76D6386A57}
		{E21582C8-F6C7-4B25-AB77-95BA8A32C95E} = {D3A07642-E7E5-4E84-A1B8-B4E702DB2A4B}
		{636236BA-6D51-4D05-8C95-CF45ECE999F5} = {9ECB9266-93CA-49B7-8FA5-15034D3C4E08}
		{30364B82-669F-41F5-AB48-89FF6F33D9E3} = {C883F551-F19E-475E-BAA2-BD322D9BC7A4}
		{B6086326-A490-4B25-B44E-1A5965EE7F7B} = {3C0FFDCC-5DE4-4663-8F71-BAC3741B4978}
		{0B1C83A0-C910-4163-B5A9-6583987575F9} = {3C0FFDCC-5DE4-4663-8F71-BAC3741B4978}
		{24E85313-3CCC-4351-B70F-DFECCD246F48} = {3C0FFDCC-5DE4-4663-8F71-BAC3741B4978}
		{2F4132DC-0FBC-456F-BAD8-63139AD89C40} = {7382B177-0E7C-426F-883F-FE76D6386A57}
		{042F9CB2-01AC-462B-BBA0-8A45D638DBE3} = {35715C16-3ADE-4293-A798-7C25A64D7DC6}
		{E32DF0BF-6AD2-45F6-BED4-32BE26B20CA0} = {35715C16-3ADE-4293-A798-7C25A64D7DC6}
		{614C8761-93F2-4F8F-94D0-1D4EF332EC1C} = {3C0FFDCC-5DE4-4663-8F71-BAC3741B4978}
		{8E637861-6953-4C7C-A5E2-167196C54804} = {607D60B8-BDBD-446F-8E00-3CA7A3126535}
		{0F39BC5A-607B-4033-9C78-392797E0E73D} = {607D60B8-BDBD-446F-8E00-3CA7A3126535}
		{203C8710-D1F0-47F1-A774-5DF3537B3A8D} = {C883F551-F19E-475E-BAA2-BD322D9BC7A4}
		{BF65097B-7364-4B8A-A4F5-83A04BDBF25C} = {7382B177-0E7C-426F-883F-FE76D6386A57}
		{8C7C09F4-BC8D-4C34-A798-7834279D236E} = {35715C16-3ADE-4293-A798-7C25A64D7DC6}
		{61E1F217-6AD5-454C-9939-7770033E51DC} = {35715C16-3ADE-4293-A798-7C25A64D7DC6}
		{C2BF5ECC-70B7-4818-9E7F-66829023AA03} = {7382B177-0E7C-426F-883F-FE76D6386A57}
		{268C84BE-9E35-43FD-A418-24BDAD78309A} = {DB1A7A01-AD14-4987-AF74-F8E796441FCD}
		{39823BEC-0C8F-4E3A-9FD6-1FA5C839392F} = {1F430E22-75B2-4494-AE1B-198C834414EE}
		{9245D44D-AA34-4A1F-8AE4-851482649D6B} = {DB1A7A01-AD14-4987-AF74-F8E796441FCD}
		{35715C16-3ADE-4293-A798-7C25A64D7DC6} = {A3868DFA-951E-4DDD-B418-E60FD943C61F}
		{607D60B8-BDBD-446F-8E00-3CA7A3126535} = {DD9B876E-8260-4045-8B75-D417EFACC467}
		{DB1A7A01-AD14-4987-AF74-F8E796441FCD} = {D3A07642-E7E5-4E84-A1B8-B4E702DB2A4B}
		{1F430E22-75B2-4494-AE1B-198C834414EE} = {D3A07642-E7E5-4E84-A1B8-B4E702DB2A4B}
		{C883F551-F19E-475E-BAA2-BD322D9BC7A4} = {A3868DFA-951E-4DDD-B418-E60FD943C61F}
		{09FD8C4E-5E2F-4B82-94AB-9E5F744F555A} = {DB1A7A01-AD14-4987-AF74-F8E796441FCD}
		{805D67DD-1F1B-4FBA-A936-C1C8050FFC51} = {1F430E22-75B2-4494-AE1B-198C834414EE}
		{5A9049A7-0082-490E-A550-AE0B15220C20} = {1F430E22-75B2-4494-AE1B-198C834414EE}
		{B99809EF-E291-45A7-BF70-18FA3DDD2465} = {9ECB9266-93CA-49B7-8FA5-15034D3C4E08}
		{87FF2F24-BB84-48A8-9256-EADEAA8E8F92} = {607D60B8-BDBD-446F-8E00-3CA7A3126535}
		{5063E2CD-FA52-4ACB-9E57-B6FE7A8A147A} = {9ECB9266-93CA-49B7-8FA5-15034D3C4E08}
		{3AF25CCC-3DC9-421F-9D5B-CFA1227847DA} = {9ECB9266-93CA-49B7-8FA5-15034D3C4E08}
		{1E0F8F35-B625-4EA9-90C0-A6BC04B56CC3} = {607D60B8-BDBD-446F-8E00-3CA7A3126535}
		{A1201C58-3986-4087-B6C1-5DC3B3181190} = {7382B177-0E7C-426F-883F-FE76D6386A57}
		{628C34AB-1603-4239-9653-BA32ACF9F854} = {7382B177-0E7C-426F-883F-FE76D6386A57}
		{842FF4EB-7F53-4A75-90B4-8A81F340034C} = {28D0549D-6751-40B6-AEC1-58F8EA8C3A33}
		{08CDB25C-3C40-40C7-A0F7-79ED8AB55099} = {28D0549D-6751-40B6-AEC1-58F8EA8C3A33}
		{D2549657-FC88-4471-BD2A-47BD29365C43} = {28D0549D-6751-40B6-AEC1-58F8EA8C3A33}
		{900F9636-FAAF-8F70-F077-F64A353759F9} = {28D0549D-6751-40B6-AEC1-58F8EA8C3A33}
		{D5B6DFE6-5B33-4D62-374F-FD485E40C8C9} = {28D0549D-6751-40B6-AEC1-58F8EA8C3A33}
		{F61807A8-85AA-6D97-76CE-0BB310FB5CE0} = {28D0549D-6751-40B6-AEC1-58F8EA8C3A33}
		{78B7A24A-99BC-1126-62B1-8BAB38B19D27} = {28D0549D-6751-40B6-AEC1-58F8EA8C3A33}
		{2BDB4D80-A10A-B551-CFD8-E54F0C302B3B} = {D3A07642-E7E5-4E84-A1B8-B4E702DB2A4B}
		{A986F9CF-18DE-874F-42D6-C584E38F640E} = {28D0549D-6751-40B6-AEC1-58F8EA8C3A33}
	EndGlobalSection
	GlobalSection(ExtensibilityGlobals) = postSolution
		SolutionGuid = {F7DC2911-3E77-4C35-8383-BC7F285A0E47}
	EndGlobalSection
EndGlobal
